
Microsoft Visual Studio Solution File, Format Version 12.00
# Visual Studio Version 17
VisualStudioVersion = 17.8.34330.188
MinimumVisualStudioVersion = 10.0.40219.1
Project("{2150E333-8FDC-42A3-9474-1A3956D46DE8}") = "Services", "Services", "{3836694F-E040-4DF0-80EE-513D782378CC}"
EndProject
Project("{2150E333-8FDC-42A3-9474-1A3956D46DE8}") = "Shared", "Shared", "{3E0C5C1B-CDD4-4643-A681-A670173EB1E7}"
EndProject
Project("{2150E333-8FDC-42A3-9474-1A3956D46DE8}") = "Gateways", "Gateways", "{158C859A-C73E-49B1-AD86-4DF27F440F4A}"
EndProject
Project("{2150E333-8FDC-42A3-9474-1A3956D46DE8}") = "Frontends", "Frontends", "{0B386C37-0AF8-492C-B13D-50D60E8B95B7}"
EndProject
Project("{2150E333-8FDC-42A3-9474-1A3956D46DE8}") = "IdentityServer", "IdentityServer", "{65438A9A-DECC-47F8-85E2-31B8DE24D46F}"
EndProject
Project("{2150E333-8FDC-42A3-9474-1A3956D46DE8}") = "ToDoList", "ToDoList", "{F0C35A72-E09C-44AC-9EDD-D6F297FE919E}"
EndProject
Project("{2150E333-8FDC-42A3-9474-1A3956D46DE8}") = "Basket", "Basket", "{8567F573-20B5-409D-A95A-F5C6A79935E6}"
EndProject
Project("{2150E333-8FDC-42A3-9474-1A3956D46DE8}") = "Catalog", "Catalog", "{3B80F619-D26F-409D-99A9-717D308E4211}"
EndProject
Project("{2150E333-8FDC-42A3-9474-1A3956D46DE8}") = "Order", "Order", "{4E17F20A-0BD5-45BE-8614-B3FFAFB90141}"
EndProject
Project("{2150E333-8FDC-42A3-9474-1A3956D46DE8}") = "Cargo", "Cargo", "{2729C008-19F5-4DAE-9EAB-626D95FC188B}"
EndProject
Project("{2150E333-8FDC-42A3-9474-1A3956D46DE8}") = "Photostock", "Photostock", "{A7BE5332-9695-4E9E-9354-1FA45E82DE35}"
EndProject
Project("{2150E333-8FDC-42A3-9474-1A3956D46DE8}") = "Payment", "Payment", "{64036FAF-00BE-4E56-A0D4-EB90938C96DD}"
EndProject
Project("{2150E333-8FDC-42A3-9474-1A3956D46DE8}") = "Discount", "Discount", "{2C92339E-DD97-421B-ADD3-C5171C1975C7}"
EndProject
Project("{9A19103F-16F7-4668-BE54-9A1E7A4F7556}") = "E-CommerceProject.Services.Catalog", "Services\Catalog\E-CommerceProject.Services.Catalog\E-CommerceProject.Services.Catalog.csproj", "{EE4CA75B-5E30-4519-90A5-17EEA35F0F5B}"
EndProject
Project("{9A19103F-16F7-4668-BE54-9A1E7A4F7556}") = "E-CommerceProject.Shared", "Shared\E-CommerceProject.Shared\E-CommerceProject.Shared.csproj", "{0714DA6A-1711-4965-81DD-BC91111ECC94}"
EndProject
Project("{9A19103F-16F7-4668-BE54-9A1E7A4F7556}") = "E-CommerceProject.Discount", "Services\Discount\E-CommerceProject.Discount\E-CommerceProject.Discount.csproj", "{C7C45F39-72EE-4FF9-BB7E-FB8BF7CEC4D8}"
EndProject
Project("{2150E333-8FDC-42A3-9474-1A3956D46DE8}") = "Core", "Core", "{741BD3E9-FDA1-480E-9A13-8E27B8F766D8}"
EndProject
Project("{2150E333-8FDC-42A3-9474-1A3956D46DE8}") = "Infrastructure", "Infrastructure", "{092FF548-A760-4514-9F90-63B1893C8139}"
EndProject
Project("{2150E333-8FDC-42A3-9474-1A3956D46DE8}") = "Presentation", "Presentation", "{86445EB6-D856-4970-9F0F-DBCE6100EAF2}"
EndProject
Project("{9A19103F-16F7-4668-BE54-9A1E7A4F7556}") = "E-CommerceProject.Order.Domain", "Services\Order\Core\E-CommerceProject.Order.Domain\E-CommerceProject.Order.Domain.csproj", "{8161C3F3-B5B4-4C05-954B-34EB97A1E918}"
EndProject
Project("{9A19103F-16F7-4668-BE54-9A1E7A4F7556}") = "E-CommerceProject.Order.Application", "Services\Order\Core\E-CommerceProject.Order.Application\E-CommerceProject.Order.Application.csproj", "{A1BEAAA1-4CB1-4EA0-BC28-7BC67349AC2E}"
EndProject
Project("{9A19103F-16F7-4668-BE54-9A1E7A4F7556}") = "E-CommerceProject.Order.Persistance", "Services\Order\Infrastructure\E-CommerceProject.Order.Persistance\E-CommerceProject.Order.Persistance.csproj", "{C6CE6172-2D21-490D-A2ED-6F6EB1CBCB92}"
EndProject
Project("{9A19103F-16F7-4668-BE54-9A1E7A4F7556}") = "E-CommerceProject.Order.WebApi", "Services\Order\Presentation\E-CommerceProject.Order.WebApi\E-CommerceProject.Order.WebApi.csproj", "{0D889753-AA64-4BA4-9616-656790FB3237}"
EndProject
Project("{9A19103F-16F7-4668-BE54-9A1E7A4F7556}") = "ECommerceProject.IdentityServer", "IdentityServer\ECommerceProject.IdentityServer\ECommerceProject.IdentityServer.csproj", "{79B0EFCD-2ADC-4671-B4C1-F5F645EBFFC8}"
EndProject
Global
	GlobalSection(SolutionConfigurationPlatforms) = preSolution
		Debug|Any CPU = Debug|Any CPU
		Release|Any CPU = Release|Any CPU
	EndGlobalSection
	GlobalSection(ProjectConfigurationPlatforms) = postSolution
		{EE4CA75B-5E30-4519-90A5-17EEA35F0F5B}.Debug|Any CPU.ActiveCfg = Debug|Any CPU
		{EE4CA75B-5E30-4519-90A5-17EEA35F0F5B}.Debug|Any CPU.Build.0 = Debug|Any CPU
		{EE4CA75B-5E30-4519-90A5-17EEA35F0F5B}.Release|Any CPU.ActiveCfg = Release|Any CPU
		{EE4CA75B-5E30-4519-90A5-17EEA35F0F5B}.Release|Any CPU.Build.0 = Release|Any CPU
		{0714DA6A-1711-4965-81DD-BC91111ECC94}.Debug|Any CPU.ActiveCfg = Debug|Any CPU
		{0714DA6A-1711-4965-81DD-BC91111ECC94}.Debug|Any CPU.Build.0 = Debug|Any CPU
		{0714DA6A-1711-4965-81DD-BC91111ECC94}.Release|Any CPU.ActiveCfg = Release|Any CPU
		{0714DA6A-1711-4965-81DD-BC91111ECC94}.Release|Any CPU.Build.0 = Release|Any CPU
		{C7C45F39-72EE-4FF9-BB7E-FB8BF7CEC4D8}.Debug|Any CPU.ActiveCfg = Debug|Any CPU
		{C7C45F39-72EE-4FF9-BB7E-FB8BF7CEC4D8}.Debug|Any CPU.Build.0 = Debug|Any CPU
		{C7C45F39-72EE-4FF9-BB7E-FB8BF7CEC4D8}.Release|Any CPU.ActiveCfg = Release|Any CPU
		{C7C45F39-72EE-4FF9-BB7E-FB8BF7CEC4D8}.Release|Any CPU.Build.0 = Release|Any CPU
		{8161C3F3-B5B4-4C05-954B-34EB97A1E918}.Debug|Any CPU.ActiveCfg = Debug|Any CPU
		{8161C3F3-B5B4-4C05-954B-34EB97A1E918}.Debug|Any CPU.Build.0 = Debug|Any CPU
		{8161C3F3-B5B4-4C05-954B-34EB97A1E918}.Release|Any CPU.ActiveCfg = Release|Any CPU
		{8161C3F3-B5B4-4C05-954B-34EB97A1E918}.Release|Any CPU.Build.0 = Release|Any CPU
		{A1BEAAA1-4CB1-4EA0-BC28-7BC67349AC2E}.Debug|Any CPU.ActiveCfg = Debug|Any CPU
		{A1BEAAA1-4CB1-4EA0-BC28-7BC67349AC2E}.Debug|Any CPU.Build.0 = Debug|Any CPU
		{A1BEAAA1-4CB1-4EA0-BC28-7BC67349AC2E}.Release|Any CPU.ActiveCfg = Release|Any CPU
		{A1BEAAA1-4CB1-4EA0-BC28-7BC67349AC2E}.Release|Any CPU.Build.0 = Release|Any CPU
		{C6CE6172-2D21-490D-A2ED-6F6EB1CBCB92}.Debug|Any CPU.ActiveCfg = Debug|Any CPU
		{C6CE6172-2D21-490D-A2ED-6F6EB1CBCB92}.Debug|Any CPU.Build.0 = Debug|Any CPU
		{C6CE6172-2D21-490D-A2ED-6F6EB1CBCB92}.Release|Any CPU.ActiveCfg = Release|Any CPU
		{C6CE6172-2D21-490D-A2ED-6F6EB1CBCB92}.Release|Any CPU.Build.0 = Release|Any CPU
		{0D889753-AA64-4BA4-9616-656790FB3237}.Debug|Any CPU.ActiveCfg = Debug|Any CPU
		{0D889753-AA64-4BA4-9616-656790FB3237}.Debug|Any CPU.Build.0 = Debug|Any CPU
		{0D889753-AA64-4BA4-9616-656790FB3237}.Release|Any CPU.ActiveCfg = Release|Any CPU
		{0D889753-AA64-4BA4-9616-656790FB3237}.Release|Any CPU.Build.0 = Release|Any CPU
		{79B0EFCD-2ADC-4671-B4C1-F5F645EBFFC8}.Debug|Any CPU.ActiveCfg = Debug|Any CPU
		{79B0EFCD-2ADC-4671-B4C1-F5F645EBFFC8}.Debug|Any CPU.Build.0 = Debug|Any CPU
		{79B0EFCD-2ADC-4671-B4C1-F5F645EBFFC8}.Release|Any CPU.ActiveCfg = Release|Any CPU
		{79B0EFCD-2ADC-4671-B4C1-F5F645EBFFC8}.Release|Any CPU.Build.0 = Release|Any CPU
	EndGlobalSection
	GlobalSection(SolutionProperties) = preSolution
		HideSolutionNode = FALSE
	EndGlobalSection
	GlobalSection(NestedProjects) = preSolution
		{8567F573-20B5-409D-A95A-F5C6A79935E6} = {3836694F-E040-4DF0-80EE-513D782378CC}
		{3B80F619-D26F-409D-99A9-717D308E4211} = {3836694F-E040-4DF0-80EE-513D782378CC}
		{4E17F20A-0BD5-45BE-8614-B3FFAFB90141} = {3836694F-E040-4DF0-80EE-513D782378CC}
		{2729C008-19F5-4DAE-9EAB-626D95FC188B} = {3836694F-E040-4DF0-80EE-513D782378CC}
		{A7BE5332-9695-4E9E-9354-1FA45E82DE35} = {3836694F-E040-4DF0-80EE-513D782378CC}
		{64036FAF-00BE-4E56-A0D4-EB90938C96DD} = {3836694F-E040-4DF0-80EE-513D782378CC}
		{2C92339E-DD97-421B-ADD3-C5171C1975C7} = {3836694F-E040-4DF0-80EE-513D782378CC}
		{EE4CA75B-5E30-4519-90A5-17EEA35F0F5B} = {3B80F619-D26F-409D-99A9-717D308E4211}
		{0714DA6A-1711-4965-81DD-BC91111ECC94} = {3E0C5C1B-CDD4-4643-A681-A670173EB1E7}
		{C7C45F39-72EE-4FF9-BB7E-FB8BF7CEC4D8} = {2C92339E-DD97-421B-ADD3-C5171C1975C7}
		{741BD3E9-FDA1-480E-9A13-8E27B8F766D8} = {4E17F20A-0BD5-45BE-8614-B3FFAFB90141}
		{092FF548-A760-4514-9F90-63B1893C8139} = {4E17F20A-0BD5-45BE-8614-B3FFAFB90141}
		{86445EB6-D856-4970-9F0F-DBCE6100EAF2} = {4E17F20A-0BD5-45BE-8614-B3FFAFB90141}
		{8161C3F3-B5B4-4C05-954B-34EB97A1E918} = {741BD3E9-FDA1-480E-9A13-8E27B8F766D8}
		{A1BEAAA1-4CB1-4EA0-BC28-7BC67349AC2E} = {741BD3E9-FDA1-480E-9A13-8E27B8F766D8}
		{C6CE6172-2D21-490D-A2ED-6F6EB1CBCB92} = {092FF548-A760-4514-9F90-63B1893C8139}
		{0D889753-AA64-4BA4-9616-656790FB3237} = {86445EB6-D856-4970-9F0F-DBCE6100EAF2}
		{79B0EFCD-2ADC-4671-B4C1-F5F645EBFFC8} = {65438A9A-DECC-47F8-85E2-31B8DE24D46F}
	EndGlobalSection
	GlobalSection(ExtensibilityGlobals) = postSolution
		SolutionGuid = {55C5BB0D-E43C-4D83-BD47-CFAF70A0AC30}
	EndGlobalSection
EndGlobal
